{
  "name": "install_package",
  "version": "1.0.0",
  "lockfileVersion": 3,
  "requires": true,
  "packages": {
    "": {
      "name": "install_package",
      "version": "1.0.0",
      "license": "ISC",
      "dependencies": {
        "pavel_math_package": "^1.0.0"
      }
    },
    "node_modules/pavel_math_package": {
      "version": "1.0.0",
      "resolved": "https://registry.npmjs.org/pavel_math_package/-/pavel_math_package-1.0.0.tgz",
      "integrity": "sha512-T5ILROaeYa9P1+GMe+HGPQSa26xf1m3ADe0ZC9vJNgvFCM8/T9PvnoZesV8okTRYljP+sZ4/u3J0PMTGhN2Guw==",
      "license": "ISC"
    }
  }
}
