{
  "name": "my_package_install",
  "version": "2.0.0",
  "lockfileVersion": 3,
  "requires": true,
  "packages": {
    "": {
      "name": "my_package_install",
      "version": "2.0.0",
      "license": "ISC",
      "dependencies": {
        "my_char_function": "^1.0.0"
      }
    },
    "node_modules/my_char_function": {
      "version": "1.0.0",
      "resolved": "https://registry.npmjs.org/my_char_function/-/my_char_function-1.0.0.tgz",
      "integrity": "sha512-1aiqR8yMEpL05nqjmcXAH59B6DDPgMm9KwGpu29ud353640zSQhE3KsYz/mDkKYvx0kOlNI0rF+5VGYX/U8RjA==",
      "license": "ISC"
    }
  }
}
